
Microsoft Visual Studio Solution File, Format Version 12.00
# Visual Studio 15
VisualStudioVersion = 15.0.28307.852
MinimumVisualStudioVersion = 10.0.40219.1
Project("{FAE04EC0-301F-11D3-BF4B-00C04F79EFBC}") = "FuckingERP", "FuckingERP\FuckingERP.csproj", "{3A7B5FFB-9EC6-40AE-B03F-9E3A4EC4EBB7}"
EndProject
Project("{FAE04EC0-301F-11D3-BF4B-00C04F79EFBC}") = "Kzx.Common", "Kzx.Common\Kzx.Common.csproj", "{976B448B-810D-4A79-A1CF-4872290E6994}"
EndProject
Project("{FAE04EC0-301F-11D3-BF4B-00C04F79EFBC}") = "Kzx.UserControl", "Kzx.UserControl\Kzx.UserControl.csproj", "{C163D1BC-3A38-4FC8-8D2E-42ECC1B5EE3B}"
EndProject
Project("{FAE04EC0-301F-11D3-BF4B-00C04F79EFBC}") = "Kzx.AppCore", "Kzx.AppCore\Kzx.AppCore.csproj", "{AA4EAB58-67C0-4027-A86B-817E30C62134}"
EndProject
Global
	GlobalSection(SolutionConfigurationPlatforms) = preSolution
		Debug|Any CPU = Debug|Any CPU
		Release|Any CPU = Release|Any CPU
	EndGlobalSection
	GlobalSection(ProjectConfigurationPlatforms) = postSolution
		{3A7B5FFB-9EC6-40AE-B03F-9E3A4EC4EBB7}.Debug|Any CPU.ActiveCfg = Debug|Any CPU
		{3A7B5FFB-9EC6-40AE-B03F-9E3A4EC4EBB7}.Debug|Any CPU.Build.0 = Debug|Any CPU
		{3A7B5FFB-9EC6-40AE-B03F-9E3A4EC4EBB7}.Release|Any CPU.ActiveCfg = Release|Any CPU
		{3A7B5FFB-9EC6-40AE-B03F-9E3A4EC4EBB7}.Release|Any CPU.Build.0 = Release|Any CPU
		{976B448B-810D-4A79-A1CF-4872290E6994}.Debug|Any CPU.ActiveCfg = Debug|Any CPU
		{976B448B-810D-4A79-A1CF-4872290E6994}.Debug|Any CPU.Build.0 = Debug|Any CPU
		{976B448B-810D-4A79-A1CF-4872290E6994}.Release|Any CPU.ActiveCfg = Release|Any CPU
		{976B448B-810D-4A79-A1CF-4872290E6994}.Release|Any CPU.Build.0 = Release|Any CPU
		{C163D1BC-3A38-4FC8-8D2E-42ECC1B5EE3B}.Debug|Any CPU.ActiveCfg = Debug|Any CPU
		{C163D1BC-3A38-4FC8-8D2E-42ECC1B5EE3B}.Debug|Any CPU.Build.0 = Debug|Any CPU
		{C163D1BC-3A38-4FC8-8D2E-42ECC1B5EE3B}.Release|Any CPU.ActiveCfg = Release|Any CPU
		{C163D1BC-3A38-4FC8-8D2E-42ECC1B5EE3B}.Release|Any CPU.Build.0 = Release|Any CPU
		{AA4EAB58-67C0-4027-A86B-817E30C62134}.Debug|Any CPU.ActiveCfg = Debug|Any CPU
		{AA4EAB58-67C0-4027-A86B-817E30C62134}.Debug|Any CPU.Build.0 = Debug|Any CPU
		{AA4EAB58-67C0-4027-A86B-817E30C62134}.Release|Any CPU.ActiveCfg = Release|Any CPU
		{AA4EAB58-67C0-4027-A86B-817E30C62134}.Release|Any CPU.Build.0 = Release|Any CPU
	EndGlobalSection
	GlobalSection(SolutionProperties) = preSolution
		HideSolutionNode = FALSE
	EndGlobalSection
	GlobalSection(ExtensibilityGlobals) = postSolution
		SolutionGuid = {DA3701F1-6515-46E0-92EB-E066F5080320}
	EndGlobalSection
EndGlobal
